// !$*UTF8*$!
{
	archiveVersion = 1;
	classes = {
	};
	objectVersion = 50;
	objects = {

/* Begin PBXBuildFile section */
		0442CBE224A660C600D284BF /* Rook.swift in Sources */ = {isa = PBXBuildFile; fileRef = 0442CBE124A660C600D284BF /* Rook.swift */; };
		0442CBE424A6676400D284BF /* RookTest.swift in Sources */ = {isa = PBXBuildFile; fileRef = 0442CBE324A6676400D284BF /* RookTest.swift */; };
		04B0FBAA24A3AD110034CB42 /* Board.swift in Sources */ = {isa = PBXBuildFile; fileRef = 04B0FBA924A3AD110034CB42 /* Board.swift */; };
		04B0FBAD24A3BCC40034CB42 /* PawnTest.swift in Sources */ = {isa = PBXBuildFile; fileRef = 04B0FBAC24A3BCC40034CB42 /* PawnTest.swift */; };
		04B0FBAF24A3D0770034CB42 /* KingTest.swift in Sources */ = {isa = PBXBuildFile; fileRef = 04B0FBAE24A3D0770034CB42 /* KingTest.swift */; };
		04F4436624C0B8A500A98FFD /* Queen.swift in Sources */ = {isa = PBXBuildFile; fileRef = 04F4436524C0B8A500A98FFD /* Queen.swift */; };
		04F4436824C0BC5600A98FFD /* Knight.swift in Sources */ = {isa = PBXBuildFile; fileRef = 04F4436724C0BC5600A98FFD /* Knight.swift */; };
		5D7AA5DD2491B4ED00C1444F /* Pawn.swift in Sources */ = {isa = PBXBuildFile; fileRef = 5D7AA5DC2491B4ED00C1444F /* Pawn.swift */; };
		5D7AA5E02491DA9100C1444F /* King.swift in Sources */ = {isa = PBXBuildFile; fileRef = 5D7AA5DF2491DA9100C1444F /* King.swift */; };
		5D7AA5E224B68A1400C1444F /* Bishop.swift in Sources */ = {isa = PBXBuildFile; fileRef = 5D7AA5E124B68A1400C1444F /* Bishop.swift */; };
		5D7AA5E424B68FEE00C1444F /* BishopTest.swift in Sources */ = {isa = PBXBuildFile; fileRef = 5D7AA5E324B68FEE00C1444F /* BishopTest.swift */; };
		5D9462B82491AB2600F202F3 /* Piece.swift in Sources */ = {isa = PBXBuildFile; fileRef = 5D9462B72491AB2600F202F3 /* Piece.swift */; };
		5D9462BB2491AB8A00F202F3 /* EnumHelper.swift in Sources */ = {isa = PBXBuildFile; fileRef = 5D9462BA2491AB8A00F202F3 /* EnumHelper.swift */; };
		5D9462BD2491AC7300F202F3 /* Position.swift in Sources */ = {isa = PBXBuildFile; fileRef = 5D9462BC2491AC7300F202F3 /* Position.swift */; };
		5DAC039F2450E1DB00169B42 /* AppDelegate.swift in Sources */ = {isa = PBXBuildFile; fileRef = 5DAC039E2450E1DB00169B42 /* AppDelegate.swift */; };
		5DAC03A12450E1DB00169B42 /* SceneDelegate.swift in Sources */ = {isa = PBXBuildFile; fileRef = 5DAC03A02450E1DB00169B42 /* SceneDelegate.swift */; };
		5DAC03A32450E1DB00169B42 /* ViewController.swift in Sources */ = {isa = PBXBuildFile; fileRef = 5DAC03A22450E1DB00169B42 /* ViewController.swift */; };
		5DAC03A62450E1DB00169B42 /* Main.storyboard in Resources */ = {isa = PBXBuildFile; fileRef = 5DAC03A42450E1DB00169B42 /* Main.storyboard */; };
		5DAC03A92450E1DB00169B42 /* CheckMate.xcdatamodeld in Sources */ = {isa = PBXBuildFile; fileRef = 5DAC03A72450E1DB00169B42 /* CheckMate.xcdatamodeld */; };
		5DAC03AB2450E1DD00169B42 /* Assets.xcassets in Resources */ = {isa = PBXBuildFile; fileRef = 5DAC03AA2450E1DD00169B42 /* Assets.xcassets */; };
		5DAC03AE2450E1DD00169B42 /* LaunchScreen.storyboard in Resources */ = {isa = PBXBuildFile; fileRef = 5DAC03AC2450E1DD00169B42 /* LaunchScreen.storyboard */; };
		5DAC03B92450E1DD00169B42 /* CheckMateTests.swift in Sources */ = {isa = PBXBuildFile; fileRef = 5DAC03B82450E1DD00169B42 /* CheckMateTests.swift */; };
		5DAC03C42450E1DD00169B42 /* CheckMateUITests.swift in Sources */ = {isa = PBXBuildFile; fileRef = 5DAC03C32450E1DD00169B42 /* CheckMateUITests.swift */; };
/* End PBXBuildFile section */

/* Begin PBXContainerItemProxy section */
		5DAC03B52450E1DD00169B42 /* PBXContainerItemProxy */ = {
			isa = PBXContainerItemProxy;
			containerPortal = 5DAC03932450E1DB00169B42 /* Project object */;
			proxyType = 1;
			remoteGlobalIDString = 5DAC039A2450E1DB00169B42;
			remoteInfo = CheckMate;
		};
		5DAC03C02450E1DD00169B42 /* PBXContainerItemProxy */ = {
			isa = PBXContainerItemProxy;
			containerPortal = 5DAC03932450E1DB00169B42 /* Project object */;
			proxyType = 1;
			remoteGlobalIDString = 5DAC039A2450E1DB00169B42;
			remoteInfo = CheckMate;
		};
/* End PBXContainerItemProxy section */

/* Begin PBXFileReference section */
		0442CBE124A660C600D284BF /* Rook.swift */ = {isa = PBXFileReference; lastKnownFileType = sourcecode.swift; path = Rook.swift; sourceTree = "<group>"; };
		0442CBE324A6676400D284BF /* RookTest.swift */ = {isa = PBXFileReference; lastKnownFileType = sourcecode.swift; path = RookTest.swift; sourceTree = "<group>"; };
		04B0FBA924A3AD110034CB42 /* Board.swift */ = {isa = PBXFileReference; lastKnownFileType = sourcecode.swift; path = Board.swift; sourceTree = "<group>"; };
		04B0FBAC24A3BCC40034CB42 /* PawnTest.swift */ = {isa = PBXFileReference; lastKnownFileType = sourcecode.swift; path = PawnTest.swift; sourceTree = "<group>"; };
		04B0FBAE24A3D0770034CB42 /* KingTest.swift */ = {isa = PBXFileReference; lastKnownFileType = sourcecode.swift; path = KingTest.swift; sourceTree = "<group>"; };
		04F4436524C0B8A500A98FFD /* Queen.swift */ = {isa = PBXFileReference; lastKnownFileType = sourcecode.swift; path = Queen.swift; sourceTree = "<group>"; };
		04F4436724C0BC5600A98FFD /* Knight.swift */ = {isa = PBXFileReference; lastKnownFileType = sourcecode.swift; path = Knight.swift; sourceTree = "<group>"; };
		5D7AA5DC2491B4ED00C1444F /* Pawn.swift */ = {isa = PBXFileReference; lastKnownFileType = sourcecode.swift; path = Pawn.swift; sourceTree = "<group>"; };
		5D7AA5DF2491DA9100C1444F /* King.swift */ = {isa = PBXFileReference; lastKnownFileType = sourcecode.swift; path = King.swift; sourceTree = "<group>"; };
		5D7AA5E124B68A1400C1444F /* Bishop.swift */ = {isa = PBXFileReference; lastKnownFileType = sourcecode.swift; path = Bishop.swift; sourceTree = "<group>"; };
		5D7AA5E324B68FEE00C1444F /* BishopTest.swift */ = {isa = PBXFileReference; lastKnownFileType = sourcecode.swift; path = BishopTest.swift; sourceTree = "<group>"; };
		5D9462B72491AB2600F202F3 /* Piece.swift */ = {isa = PBXFileReference; lastKnownFileType = sourcecode.swift; path = Piece.swift; sourceTree = "<group>"; };
		5D9462BA2491AB8A00F202F3 /* EnumHelper.swift */ = {isa = PBXFileReference; lastKnownFileType = sourcecode.swift; path = EnumHelper.swift; sourceTree = "<group>"; };
		5D9462BC2491AC7300F202F3 /* Position.swift */ = {isa = PBXFileReference; lastKnownFileType = sourcecode.swift; path = Position.swift; sourceTree = "<group>"; };
		5DAC039B2450E1DB00169B42 /* CheckMate.app */ = {isa = PBXFileReference; explicitFileType = wrapper.application; includeInIndex = 0; path = CheckMate.app; sourceTree = BUILT_PRODUCTS_DIR; };
		5DAC039E2450E1DB00169B42 /* AppDelegate.swift */ = {isa = PBXFileReference; lastKnownFileType = sourcecode.swift; path = AppDelegate.swift; sourceTree = "<group>"; };
		5DAC03A02450E1DB00169B42 /* SceneDelegate.swift */ = {isa = PBXFileReference; lastKnownFileType = sourcecode.swift; path = SceneDelegate.swift; sourceTree = "<group>"; };
		5DAC03A22450E1DB00169B42 /* ViewController.swift */ = {isa = PBXFileReference; lastKnownFileType = sourcecode.swift; path = ViewController.swift; sourceTree = "<group>"; };
		5DAC03A52450E1DB00169B42 /* Base */ = {isa = PBXFileReference; lastKnownFileType = file.storyboard; name = Base; path = Base.lproj/Main.storyboard; sourceTree = "<group>"; };
		5DAC03A82450E1DB00169B42 /* CheckMate.xcdatamodel */ = {isa = PBXFileReference; lastKnownFileType = wrapper.xcdatamodel; path = CheckMate.xcdatamodel; sourceTree = "<group>"; };
		5DAC03AA2450E1DD00169B42 /* Assets.xcassets */ = {isa = PBXFileReference; lastKnownFileType = folder.assetcatalog; path = Assets.xcassets; sourceTree = "<group>"; };
		5DAC03AD2450E1DD00169B42 /* Base */ = {isa = PBXFileReference; lastKnownFileType = file.storyboard; name = Base; path = Base.lproj/LaunchScreen.storyboard; sourceTree = "<group>"; };
		5DAC03AF2450E1DD00169B42 /* Info.plist */ = {isa = PBXFileReference; lastKnownFileType = text.plist.xml; path = Info.plist; sourceTree = "<group>"; };
		5DAC03B42450E1DD00169B42 /* CheckMateTests.xctest */ = {isa = PBXFileReference; explicitFileType = wrapper.cfbundle; includeInIndex = 0; path = CheckMateTests.xctest; sourceTree = BUILT_PRODUCTS_DIR; };
		5DAC03B82450E1DD00169B42 /* CheckMateTests.swift */ = {isa = PBXFileReference; lastKnownFileType = sourcecode.swift; path = CheckMateTests.swift; sourceTree = "<group>"; };
		5DAC03BA2450E1DD00169B42 /* Info.plist */ = {isa = PBXFileReference; lastKnownFileType = text.plist.xml; path = Info.plist; sourceTree = "<group>"; };
		5DAC03BF2450E1DD00169B42 /* CheckMateUITests.xctest */ = {isa = PBXFileReference; explicitFileType = wrapper.cfbundle; includeInIndex = 0; path = CheckMateUITests.xctest; sourceTree = BUILT_PRODUCTS_DIR; };
		5DAC03C32450E1DD00169B42 /* CheckMateUITests.swift */ = {isa = PBXFileReference; lastKnownFileType = sourcecode.swift; path = CheckMateUITests.swift; sourceTree = "<group>"; };
		5DAC03C52450E1DD00169B42 /* Info.plist */ = {isa = PBXFileReference; lastKnownFileType = text.plist.xml; path = Info.plist; sourceTree = "<group>"; };
/* End PBXFileReference section */

/* Begin PBXFrameworksBuildPhase section */
		5DAC03982450E1DB00169B42 /* Frameworks */ = {
			isa = PBXFrameworksBuildPhase;
			buildActionMask = 2147483647;
			files = (
			);
			runOnlyForDeploymentPostprocessing = 0;
		};
		5DAC03B12450E1DD00169B42 /* Frameworks */ = {
			isa = PBXFrameworksBuildPhase;
			buildActionMask = 2147483647;
			files = (
			);
			runOnlyForDeploymentPostprocessing = 0;
		};
		5DAC03BC2450E1DD00169B42 /* Frameworks */ = {
			isa = PBXFrameworksBuildPhase;
			buildActionMask = 2147483647;
			files = (
			);
			runOnlyForDeploymentPostprocessing = 0;
		};
/* End PBXFrameworksBuildPhase section */

/* Begin PBXGroup section */
		5D7AA5DE2491D9CD00C1444F /* Pieces */ = {
			isa = PBXGroup;
			children = (
				5D7AA5DC2491B4ED00C1444F /* Pawn.swift */,
				5D7AA5DF2491DA9100C1444F /* King.swift */,
				0442CBE124A660C600D284BF /* Rook.swift */,
				5D7AA5E124B68A1400C1444F /* Bishop.swift */,
				04F4436524C0B8A500A98FFD /* Queen.swift */,
				04F4436724C0BC5600A98FFD /* Knight.swift */,
			);
			path = Pieces;
			sourceTree = "<group>";
		};
		5D9462B62491AAF100F202F3 /* Model */ = {
			isa = PBXGroup;
			children = (
				5D9462B72491AB2600F202F3 /* Piece.swift */,
				5D7AA5DE2491D9CD00C1444F /* Pieces */,
				5D9462BA2491AB8A00F202F3 /* EnumHelper.swift */,
				5D9462BC2491AC7300F202F3 /* Position.swift */,
				04B0FBA924A3AD110034CB42 /* Board.swift */,
			);
			path = Model;
			sourceTree = "<group>";
		};
		5DAC03922450E1DB00169B42 = {
			isa = PBXGroup;
			children = (
				5DAC039D2450E1DB00169B42 /* CheckMate */,
				5DAC03B72450E1DD00169B42 /* CheckMateTests */,
				5DAC03C22450E1DD00169B42 /* CheckMateUITests */,
				5DAC039C2450E1DB00169B42 /* Products */,
			);
			sourceTree = "<group>";
		};
		5DAC039C2450E1DB00169B42 /* Products */ = {
			isa = PBXGroup;
			children = (
				5DAC039B2450E1DB00169B42 /* CheckMate.app */,
				5DAC03B42450E1DD00169B42 /* CheckMateTests.xctest */,
				5DAC03BF2450E1DD00169B42 /* CheckMateUITests.xctest */,
			);
			name = Products;
			sourceTree = "<group>";
		};
		5DAC039D2450E1DB00169B42 /* CheckMate */ = {
			isa = PBXGroup;
			children = (
				5D9462B62491AAF100F202F3 /* Model */,
				5DAC039E2450E1DB00169B42 /* AppDelegate.swift */,
				5DAC03A02450E1DB00169B42 /* SceneDelegate.swift */,
				5DAC03A22450E1DB00169B42 /* ViewController.swift */,
				5DAC03A42450E1DB00169B42 /* Main.storyboard */,
				5DAC03AA2450E1DD00169B42 /* Assets.xcassets */,
				5DAC03AC2450E1DD00169B42 /* LaunchScreen.storyboard */,
				5DAC03AF2450E1DD00169B42 /* Info.plist */,
				5DAC03A72450E1DB00169B42 /* CheckMate.xcdatamodeld */,
			);
			path = CheckMate;
			sourceTree = "<group>";
		};
		5DAC03B72450E1DD00169B42 /* CheckMateTests */ = {
			isa = PBXGroup;
			children = (
				5DAC03B82450E1DD00169B42 /* CheckMateTests.swift */,
				04B0FBAC24A3BCC40034CB42 /* PawnTest.swift */,
				04B0FBAE24A3D0770034CB42 /* KingTest.swift */,
				0442CBE324A6676400D284BF /* RookTest.swift */,
				5D7AA5E324B68FEE00C1444F /* BishopTest.swift */,
				5DAC03BA2450E1DD00169B42 /* Info.plist */,
			);
			path = CheckMateTests;
			sourceTree = "<group>";
		};
		5DAC03C22450E1DD00169B42 /* CheckMateUITests */ = {
			isa = PBXGroup;
			children = (
				5DAC03C32450E1DD00169B42 /* CheckMateUITests.swift */,
				5DAC03C52450E1DD00169B42 /* Info.plist */,
			);
			path = CheckMateUITests;
			sourceTree = "<group>";
		};
/* End PBXGroup section */

/* Begin PBXNativeTarget section */
		5DAC039A2450E1DB00169B42 /* CheckMate */ = {
			isa = PBXNativeTarget;
			buildConfigurationList = 5DAC03C82450E1DD00169B42 /* Build configuration list for PBXNativeTarget "CheckMate" */;
			buildPhases = (
				5DAC03972450E1DB00169B42 /* Sources */,
				5DAC03982450E1DB00169B42 /* Frameworks */,
				5DAC03992450E1DB00169B42 /* Resources */,
				04B0FBAB24A3B4B90034CB42 /* ShellScript */,
			);
			buildRules = (
			);
			dependencies = (
			);
			name = CheckMate;
			productName = CheckMate;
			productReference = 5DAC039B2450E1DB00169B42 /* CheckMate.app */;
			productType = "com.apple.product-type.application";
		};
		5DAC03B32450E1DD00169B42 /* CheckMateTests */ = {
			isa = PBXNativeTarget;
			buildConfigurationList = 5DAC03CB2450E1DD00169B42 /* Build configuration list for PBXNativeTarget "CheckMateTests" */;
			buildPhases = (
				5DAC03B02450E1DD00169B42 /* Sources */,
				5DAC03B12450E1DD00169B42 /* Frameworks */,
				5DAC03B22450E1DD00169B42 /* Resources */,
			);
			buildRules = (
			);
			dependencies = (
				5DAC03B62450E1DD00169B42 /* PBXTargetDependency */,
			);
			name = CheckMateTests;
			productName = CheckMateTests;
			productReference = 5DAC03B42450E1DD00169B42 /* CheckMateTests.xctest */;
			productType = "com.apple.product-type.bundle.unit-test";
		};
		5DAC03BE2450E1DD00169B42 /* CheckMateUITests */ = {
			isa = PBXNativeTarget;
			buildConfigurationList = 5DAC03CE2450E1DD00169B42 /* Build configuration list for PBXNativeTarget "CheckMateUITests" */;
			buildPhases = (
				5DAC03BB2450E1DD00169B42 /* Sources */,
				5DAC03BC2450E1DD00169B42 /* Frameworks */,
				5DAC03BD2450E1DD00169B42 /* Resources */,
			);
			buildRules = (
			);
			dependencies = (
				5DAC03C12450E1DD00169B42 /* PBXTargetDependency */,
			);
			name = CheckMateUITests;
			productName = CheckMateUITests;
			productReference = 5DAC03BF2450E1DD00169B42 /* CheckMateUITests.xctest */;
			productType = "com.apple.product-type.bundle.ui-testing";
		};
/* End PBXNativeTarget section */

/* Begin PBXProject section */
		5DAC03932450E1DB00169B42 /* Project object */ = {
			isa = PBXProject;
			attributes = {
				LastSwiftUpdateCheck = 1110;
				LastUpgradeCheck = 1110;
				ORGANIZATIONNAME = "Random Corp";
				TargetAttributes = {
					5DAC039A2450E1DB00169B42 = {
						CreatedOnToolsVersion = 11.1;
					};
					5DAC03B32450E1DD00169B42 = {
						CreatedOnToolsVersion = 11.1;
						TestTargetID = 5DAC039A2450E1DB00169B42;
					};
					5DAC03BE2450E1DD00169B42 = {
						CreatedOnToolsVersion = 11.1;
						TestTargetID = 5DAC039A2450E1DB00169B42;
					};
				};
			};
			buildConfigurationList = 5DAC03962450E1DB00169B42 /* Build configuration list for PBXProject "CheckMate" */;
			compatibilityVersion = "Xcode 9.3";
			developmentRegion = en;
			hasScannedForEncodings = 0;
			knownRegions = (
				en,
				Base,
			);
			mainGroup = 5DAC03922450E1DB00169B42;
			productRefGroup = 5DAC039C2450E1DB00169B42 /* Products */;
			projectDirPath = "";
			projectRoot = "";
			targets = (
				5DAC039A2450E1DB00169B42 /* CheckMate */,
				5DAC03B32450E1DD00169B42 /* CheckMateTests */,
				5DAC03BE2450E1DD00169B42 /* CheckMateUITests */,
			);
		};
/* End PBXProject section */

/* Begin PBXResourcesBuildPhase section */
		5DAC03992450E1DB00169B42 /* Resources */ = {
			isa = PBXResourcesBuildPhase;
			buildActionMask = 2147483647;
			files = (
				5DAC03AE2450E1DD00169B42 /* LaunchScreen.storyboard in Resources */,
				5DAC03AB2450E1DD00169B42 /* Assets.xcassets in Resources */,
				5DAC03A62450E1DB00169B42 /* Main.storyboard in Resources */,
			);
			runOnlyForDeploymentPostprocessing = 0;
		};
		5DAC03B22450E1DD00169B42 /* Resources */ = {
			isa = PBXResourcesBuildPhase;
			buildActionMask = 2147483647;
			files = (
			);
			runOnlyForDeploymentPostprocessing = 0;
		};
		5DAC03BD2450E1DD00169B42 /* Resources */ = {
			isa = PBXResourcesBuildPhase;
			buildActionMask = 2147483647;
			files = (
			);
			runOnlyForDeploymentPostprocessing = 0;
		};
/* End PBXResourcesBuildPhase section */

/* Begin PBXShellScriptBuildPhase section */
		04B0FBAB24A3B4B90034CB42 /* ShellScript */ = {
			isa = PBXShellScriptBuildPhase;
			buildActionMask = 2147483647;
			files = (
			);
			inputFileListPaths = (
			);
			inputPaths = (
			);
			outputFileListPaths = (
			);
			outputPaths = (
			);
			runOnlyForDeploymentPostprocessing = 0;
			shellPath = /bin/sh;
			shellScript = "# Type a script or drag a script file from your workspace to insert its path.\nif which swiftlint >/dev/null; then\n  swiftlint\nelse\n  echo \"warning: SwiftLint not installed, download from https://github.com/realm/SwiftLint\"\nfi\n";
		};
/* End PBXShellScriptBuildPhase section */

/* Begin PBXSourcesBuildPhase section */
		5DAC03972450E1DB00169B42 /* Sources */ = {
			isa = PBXSourcesBuildPhase;
			buildActionMask = 2147483647;
			files = (
				5DAC03A32450E1DB00169B42 /* ViewController.swift in Sources */,
				5DAC039F2450E1DB00169B42 /* AppDelegate.swift in Sources */,
				04B0FBAA24A3AD110034CB42 /* Board.swift in Sources */,
				04F4436624C0B8A500A98FFD /* Queen.swift in Sources */,
				5D7AA5E02491DA9100C1444F /* King.swift in Sources */,
				5D9462B82491AB2600F202F3 /* Piece.swift in Sources */,
				04F4436824C0BC5600A98FFD /* Knight.swift in Sources */,
				5D7AA5DD2491B4ED00C1444F /* Pawn.swift in Sources */,
				5DAC03A12450E1DB00169B42 /* SceneDelegate.swift in Sources */,
				5DAC03A92450E1DB00169B42 /* CheckMate.xcdatamodeld in Sources */,
				5D7AA5E224B68A1400C1444F /* Bishop.swift in Sources */,
				0442CBE224A660C600D284BF /* Rook.swift in Sources */,
				5D9462BB2491AB8A00F202F3 /* EnumHelper.swift in Sources */,
				5D9462BD2491AC7300F202F3 /* Position.swift in Sources */,
			);
			runOnlyForDeploymentPostprocessing = 0;
		};
		5DAC03B02450E1DD00169B42 /* Sources */ = {
			isa = PBXSourcesBuildPhase;
			buildActionMask = 2147483647;
			files = (
				0442CBE424A6676400D284BF /* RookTest.swift in Sources */,
				5DAC03B92450E1DD00169B42 /* CheckMateTests.swift in Sources */,
				5D7AA5E424B68FEE00C1444F /* BishopTest.swift in Sources */,
				04B0FBAD24A3BCC40034CB42 /* PawnTest.swift in Sources */,
				04B0FBAF24A3D0770034CB42 /* KingTest.swift in Sources */,
			);
			runOnlyForDeploymentPostprocessing = 0;
		};
		5DAC03BB2450E1DD00169B42 /* Sources */ = {
			isa = PBXSourcesBuildPhase;
			buildActionMask = 2147483647;
			files = (
				5DAC03C42450E1DD00169B42 /* CheckMateUITests.swift in Sources */,
			);
			runOnlyForDeploymentPostprocessing = 0;
		};
/* End PBXSourcesBuildPhase section */

/* Begin PBXTargetDependency section */
		5DAC03B62450E1DD00169B42 /* PBXTargetDependency */ = {
			isa = PBXTargetDependency;
			target = 5DAC039A2450E1DB00169B42 /* CheckMate */;
			targetProxy = 5DAC03B52450E1DD00169B42 /* PBXContainerItemProxy */;
		};
		5DAC03C12450E1DD00169B42 /* PBXTargetDependency */ = {
			isa = PBXTargetDependency;
			target = 5DAC039A2450E1DB00169B42 /* CheckMate */;
			targetProxy = 5DAC03C02450E1DD00169B42 /* PBXContainerItemProxy */;
		};
/* End PBXTargetDependency section */

/* Begin PBXVariantGroup section */
		5DAC03A42450E1DB00169B42 /* Main.storyboard */ = {
			isa = PBXVariantGroup;
			children = (
				5DAC03A52450E1DB00169B42 /* Base */,
			);
			name = Main.storyboard;
			sourceTree = "<group>";
		};
		5DAC03AC2450E1DD00169B42 /* LaunchScreen.storyboard */ = {
			isa = PBXVariantGroup;
			children = (
				5DAC03AD2450E1DD00169B42 /* Base */,
			);
			name = LaunchScreen.storyboard;
			sourceTree = "<group>";
		};
/* End PBXVariantGroup section */

/* Begin XCBuildConfiguration section */
		5DAC03C62450E1DD00169B42 /* Debug */ = {
			isa = XCBuildConfiguration;
			buildSettings = {
				ALWAYS_SEARCH_USER_PATHS = NO;
				CLANG_ANALYZER_NONNULL = YES;
				CLANG_ANALYZER_NUMBER_OBJECT_CONVERSION = YES_AGGRESSIVE;
				CLANG_CXX_LANGUAGE_STANDARD = "gnu++14";
				CLANG_CXX_LIBRARY = "libc++";
				CLANG_ENABLE_MODULES = YES;
				CLANG_ENABLE_OBJC_ARC = YES;
				CLANG_ENABLE_OBJC_WEAK = YES;
				CLANG_WARN_BLOCK_CAPTURE_AUTORELEASING = YES;
				CLANG_WARN_BOOL_CONVERSION = YES;
				CLANG_WARN_COMMA = YES;
				CLANG_WARN_CONSTANT_CONVERSION = YES;
				CLANG_WARN_DEPRECATED_OBJC_IMPLEMENTATIONS = YES;
				CLANG_WARN_DIRECT_OBJC_ISA_USAGE = YES_ERROR;
				CLANG_WARN_DOCUMENTATION_COMMENTS = YES;
				CLANG_WARN_EMPTY_BODY = YES;
				CLANG_WARN_ENUM_CONVERSION = YES;
				CLANG_WARN_INFINITE_RECURSION = YES;
				CLANG_WARN_INT_CONVERSION = YES;
				CLANG_WARN_NON_LITERAL_NULL_CONVERSION = YES;
				CLANG_WARN_OBJC_IMPLICIT_RETAIN_SELF = YES;
				CLANG_WARN_OBJC_LITERAL_CONVERSION = YES;
				CLANG_WARN_OBJC_ROOT_CLASS = YES_ERROR;
				CLANG_WARN_RANGE_LOOP_ANALYSIS = YES;
				CLANG_WARN_STRICT_PROTOTYPES = YES;
				CLANG_WARN_SUSPICIOUS_MOVE = YES;
				CLANG_WARN_UNGUARDED_AVAILABILITY = YES_AGGRESSIVE;
				CLANG_WARN_UNREACHABLE_CODE = YES;
				CLANG_WARN__DUPLICATE_METHOD_MATCH = YES;
				COPY_PHASE_STRIP = NO;
				DEBUG_INFORMATION_FORMAT = dwarf;
				ENABLE_STRICT_OBJC_MSGSEND = YES;
				ENABLE_TESTABILITY = YES;
				GCC_C_LANGUAGE_STANDARD = gnu11;
				GCC_DYNAMIC_NO_PIC = NO;
				GCC_NO_COMMON_BLOCKS = YES;
				GCC_OPTIMIZATION_LEVEL = 0;
				GCC_PREPROCESSOR_DEFINITIONS = (
					"DEBUG=1",
					"$(inherited)",
				);
				GCC_WARN_64_TO_32_BIT_CONVERSION = YES;
				GCC_WARN_ABOUT_RETURN_TYPE = YES_ERROR;
				GCC_WARN_UNDECLARED_SELECTOR = YES;
				GCC_WARN_UNINITIALIZED_AUTOS = YES_AGGRESSIVE;
				GCC_WARN_UNUSED_FUNCTION = YES;
				GCC_WARN_UNUSED_VARIABLE = YES;
				IPHONEOS_DEPLOYMENT_TARGET = 13.1;
				MTL_ENABLE_DEBUG_INFO = INCLUDE_SOURCE;
				MTL_FAST_MATH = YES;
				ONLY_ACTIVE_ARCH = YES;
				SDKROOT = iphoneos;
				SWIFT_ACTIVE_COMPILATION_CONDITIONS = DEBUG;
				SWIFT_OPTIMIZATION_LEVEL = "-Onone";
			};
			name = Debug;
		};
		5DAC03C72450E1DD00169B42 /* Release */ = {
			isa = XCBuildConfiguration;
			buildSettings = {
				ALWAYS_SEARCH_USER_PATHS = NO;
				CLANG_ANALYZER_NONNULL = YES;
				CLANG_ANALYZER_NUMBER_OBJECT_CONVERSION = YES_AGGRESSIVE;
				CLANG_CXX_LANGUAGE_STANDARD = "gnu++14";
				CLANG_CXX_LIBRARY = "libc++";
				CLANG_ENABLE_MODULES = YES;
				CLANG_ENABLE_OBJC_ARC = YES;
				CLANG_ENABLE_OBJC_WEAK = YES;
				CLANG_WARN_BLOCK_CAPTURE_AUTORELEASING = YES;
				CLANG_WARN_BOOL_CONVERSION = YES;
				CLANG_WARN_COMMA = YES;
				CLANG_WARN_CONSTANT_CONVERSION = YES;
				CLANG_WARN_DEPRECATED_OBJC_IMPLEMENTATIONS = YES;
				CLANG_WARN_DIRECT_OBJC_ISA_USAGE = YES_ERROR;
				CLANG_WARN_DOCUMENTATION_COMMENTS = YES;
				CLANG_WARN_EMPTY_BODY = YES;
				CLANG_WARN_ENUM_CONVERSION = YES;
				CLANG_WARN_INFINITE_RECURSION = YES;
				CLANG_WARN_INT_CONVERSION = YES;
				CLANG_WARN_NON_LITERAL_NULL_CONVERSION = YES;
				CLANG_WARN_OBJC_IMPLICIT_RETAIN_SELF = YES;
				CLANG_WARN_OBJC_LITERAL_CONVERSION = YES;
				CLANG_WARN_OBJC_ROOT_CLASS = YES_ERROR;
				CLANG_WARN_RANGE_LOOP_ANALYSIS = YES;
				CLANG_WARN_STRICT_PROTOTYPES = YES;
				CLANG_WARN_SUSPICIOUS_MOVE = YES;
				CLANG_WARN_UNGUARDED_AVAILABILITY = YES_AGGRESSIVE;
				CLANG_WARN_UNREACHABLE_CODE = YES;
				CLANG_WARN__DUPLICATE_METHOD_MATCH = YES;
				COPY_PHASE_STRIP = NO;
				DEBUG_INFORMATION_FORMAT = "dwarf-with-dsym";
				ENABLE_NS_ASSERTIONS = NO;
				ENABLE_STRICT_OBJC_MSGSEND = YES;
				GCC_C_LANGUAGE_STANDARD = gnu11;
				GCC_NO_COMMON_BLOCKS = YES;
				GCC_WARN_64_TO_32_BIT_CONVERSION = YES;
				GCC_WARN_ABOUT_RETURN_TYPE = YES_ERROR;
				GCC_WARN_UNDECLARED_SELECTOR = YES;
				GCC_WARN_UNINITIALIZED_AUTOS = YES_AGGRESSIVE;
				GCC_WARN_UNUSED_FUNCTION = YES;
				GCC_WARN_UNUSED_VARIABLE = YES;
				IPHONEOS_DEPLOYMENT_TARGET = 13.1;
				MTL_ENABLE_DEBUG_INFO = NO;
				MTL_FAST_MATH = YES;
				SDKROOT = iphoneos;
				SWIFT_COMPILATION_MODE = wholemodule;
				SWIFT_OPTIMIZATION_LEVEL = "-O";
				VALIDATE_PRODUCT = YES;
			};
			name = Release;
		};
		5DAC03C92450E1DD00169B42 /* Debug */ = {
			isa = XCBuildConfiguration;
			buildSettings = {
				ASSETCATALOG_COMPILER_APPICON_NAME = AppIcon;
				CODE_SIGN_STYLE = Automatic;
				DEVELOPMENT_TEAM = L8JSCA8WK4;
				INFOPLIST_FILE = CheckMate/Info.plist;
				LD_RUNPATH_SEARCH_PATHS = (
					"$(inherited)",
					"@executable_path/Frameworks",
				);
				PRODUCT_BUNDLE_IDENTIFIER = com.randomcorp.CheckMate;
				PRODUCT_NAME = "$(TARGET_NAME)";
				SWIFT_VERSION = 5.0;
				TARGETED_DEVICE_FAMILY = "1,2";
			};
			name = Debug;
		};
		5DAC03CA2450E1DD00169B42 /* Release */ = {
			isa = XCBuildConfiguration;
			buildSettings = {
				ASSETCATALOG_COMPILER_APPICON_NAME = AppIcon;
				CODE_SIGN_STYLE = Automatic;
				DEVELOPMENT_TEAM = L8JSCA8WK4;
				INFOPLIST_FILE = CheckMate/Info.plist;
				LD_RUNPATH_SEARCH_PATHS = (
					"$(inherited)",
					"@executable_path/Frameworks",
				);
				PRODUCT_BUNDLE_IDENTIFIER = com.randomcorp.CheckMate;
				PRODUCT_NAME = "$(TARGET_NAME)";
				SWIFT_VERSION = 5.0;
				TARGETED_DEVICE_FAMILY = "1,2";
			};
			name = Release;
		};
		5DAC03CC2450E1DD00169B42 /* Debug */ = {
			isa = XCBuildConfiguration;
			buildSettings = {
				ALWAYS_EMBED_SWIFT_STANDARD_LIBRARIES = YES;
				BUNDLE_LOADER = "$(TEST_HOST)";
				CODE_SIGN_STYLE = Automatic;
				DEVELOPMENT_TEAM = L8JSCA8WK4;
				INFOPLIST_FILE = CheckMateTests/Info.plist;
				IPHONEOS_DEPLOYMENT_TARGET = 13.1;
				LD_RUNPATH_SEARCH_PATHS = (
					"$(inherited)",
					"@executable_path/Frameworks",
					"@loader_path/Frameworks",
				);
				PRODUCT_BUNDLE_IDENTIFIER = com.randomcorp.CheckMateTests;
				PRODUCT_NAME = "$(TARGET_NAME)";
				SWIFT_VERSION = 5.0;
				TARGETED_DEVICE_FAMILY = "1,2";
				TEST_HOST = "$(BUILT_PRODUCTS_DIR)/CheckMate.app/CheckMate";
			};
			name = Debug;
		};
		5DAC03CD2450E1DD00169B42 /* Release */ = {
			isa = XCBuildConfiguration;
			buildSettings = {
				ALWAYS_EMBED_SWIFT_STANDARD_LIBRARIES = YES;
				BUNDLE_LOADER = "$(TEST_HOST)";
				CODE_SIGN_STYLE = Automatic;
				DEVELOPMENT_TEAM = L8JSCA8WK4;
				INFOPLIST_FILE = CheckMateTests/Info.plist;
				IPHONEOS_DEPLOYMENT_TARGET = 13.1;
				LD_RUNPATH_SEARCH_PATHS = (
					"$(inherited)",
					"@executable_path/Frameworks",
					"@loader_path/Frameworks",
				);
				PRODUCT_BUNDLE_IDENTIFIER = com.randomcorp.CheckMateTests;
				PRODUCT_NAME = "$(TARGET_NAME)";
				SWIFT_VERSION = 5.0;
				TARGETED_DEVICE_FAMILY = "1,2";
				TEST_HOST = "$(BUILT_PRODUCTS_DIR)/CheckMate.app/CheckMate";
			};
			name = Release;
		};
		5DAC03CF2450E1DD00169B42 /* Debug */ = {
			isa = XCBuildConfiguration;
			buildSettings = {
				ALWAYS_EMBED_SWIFT_STANDARD_LIBRARIES = YES;
				CODE_SIGN_STYLE = Automatic;
				DEVELOPMENT_TEAM = L8JSCA8WK4;
				INFOPLIST_FILE = CheckMateUITests/Info.plist;
				LD_RUNPATH_SEARCH_PATHS = (
					"$(inherited)",
					"@executable_path/Frameworks",
					"@loader_path/Frameworks",
				);
				PRODUCT_BUNDLE_IDENTIFIER = com.randomcorp.CheckMateUITests;
				PRODUCT_NAME = "$(TARGET_NAME)";
				SWIFT_VERSION = 5.0;
				TARGETED_DEVICE_FAMILY = "1,2";
				TEST_TARGET_NAME = CheckMate;
			};
			name = Debug;
		};
		5DAC03D02450E1DD00169B42 /* Release */ = {
			isa = XCBuildConfiguration;
			buildSettings = {
				ALWAYS_EMBED_SWIFT_STANDARD_LIBRARIES = YES;
				CODE_SIGN_STYLE = Automatic;
				DEVELOPMENT_TEAM = L8JSCA8WK4;
				INFOPLIST_FILE = CheckMateUITests/Info.plist;
				LD_RUNPATH_SEARCH_PATHS = (
					"$(inherited)",
					"@executable_path/Frameworks",
					"@loader_path/Frameworks",
				);
				PRODUCT_BUNDLE_IDENTIFIER = com.randomcorp.CheckMateUITests;
				PRODUCT_NAME = "$(TARGET_NAME)";
				SWIFT_VERSION = 5.0;
				TARGETED_DEVICE_FAMILY = "1,2";
				TEST_TARGET_NAME = CheckMate;
			};
			name = Release;
		};
/* End XCBuildConfiguration section */

/* Begin XCConfigurationList section */
		5DAC03962450E1DB00169B42 /* Build configuration list for PBXProject "CheckMate" */ = {
			isa = XCConfigurationList;
			buildConfigurations = (
				5DAC03C62450E1DD00169B42 /* Debug */,
				5DAC03C72450E1DD00169B42 /* Release */,
			);
			defaultConfigurationIsVisible = 0;
			defaultConfigurationName = Release;
		};
		5DAC03C82450E1DD00169B42 /* Build configuration list for PBXNativeTarget "CheckMate" */ = {
			isa = XCConfigurationList;
			buildConfigurations = (
				5DAC03C92450E1DD00169B42 /* Debug */,
				5DAC03CA2450E1DD00169B42 /* Release */,
			);
			defaultConfigurationIsVisible = 0;
			defaultConfigurationName = Release;
		};
		5DAC03CB2450E1DD00169B42 /* Build configuration list for PBXNativeTarget "CheckMateTests" */ = {
			isa = XCConfigurationList;
			buildConfigurations = (
				5DAC03CC2450E1DD00169B42 /* Debug */,
				5DAC03CD2450E1DD00169B42 /* Release */,
			);
			defaultConfigurationIsVisible = 0;
			defaultConfigurationName = Release;
		};
		5DAC03CE2450E1DD00169B42 /* Build configuration list for PBXNativeTarget "CheckMateUITests" */ = {
			isa = XCConfigurationList;
			buildConfigurations = (
				5DAC03CF2450E1DD00169B42 /* Debug */,
				5DAC03D02450E1DD00169B42 /* Release */,
			);
			defaultConfigurationIsVisible = 0;
			defaultConfigurationName = Release;
		};
/* End XCConfigurationList section */

/* Begin XCVersionGroup section */
		5DAC03A72450E1DB00169B42 /* CheckMate.xcdatamodeld */ = {
			isa = XCVersionGroup;
			children = (
				5DAC03A82450E1DB00169B42 /* CheckMate.xcdatamodel */,
			);
			currentVersion = 5DAC03A82450E1DB00169B42 /* CheckMate.xcdatamodel */;
			path = CheckMate.xcdatamodeld;
			sourceTree = "<group>";
			versionGroupType = wrapper.xcdatamodel;
		};
/* End XCVersionGroup section */
	};
	rootObject = 5DAC03932450E1DB00169B42 /* Project object */;
}
